
Microsoft Visual Studio Solution File, Format Version 12.00
# Visual Studio Version 16
VisualStudioVersion = 16.0.30114.105
MinimumVisualStudioVersion = 10.0.40219.1
Project("{FAE04EC0-301F-11D3-BF4B-00C04F79EFBC}") = "WEBFACTURA", "WEBFACTURA\WEBFACTURA.csproj", "{B5148477-57C8-470D-9E35-97B4AA14D1B9}"
EndProject
Global
	GlobalSection(SolutionConfigurationPlatforms) = preSolution
		Debug|Any CPU = Debug|Any CPU
		Release|Any CPU = Release|Any CPU
	EndGlobalSection
	GlobalSection(ProjectConfigurationPlatforms) = postSolution
		{B5148477-57C8-470D-9E35-97B4AA14D1B9}.Debug|Any CPU.ActiveCfg = Debug|Any CPU
		{B5148477-57C8-470D-9E35-97B4AA14D1B9}.Debug|Any CPU.Build.0 = Debug|Any CPU
		{B5148477-57C8-470D-9E35-97B4AA14D1B9}.Release|Any CPU.ActiveCfg = Release|Any CPU
		{B5148477-57C8-470D-9E35-97B4AA14D1B9}.Release|Any CPU.Build.0 = Release|Any CPU
	EndGlobalSection
	GlobalSection(SolutionProperties) = preSolution
		HideSolutionNode = FALSE
	EndGlobalSection
	GlobalSection(ExtensibilityGlobals) = postSolution
		SolutionGuid = {9709AFE9-3307-4859-994D-1A35523452A4}
	EndGlobalSection
EndGlobal
